// !$*UTF8*$!
{
	archiveVersion = 1;
	classes = {
	};
	objectVersion = 51;
	objects = {

/* Begin PBXBuildFile section */
		0BEB2AD81AB3BF195A77FC8E /* Pods_WHIM_ARROWTests.framework in Frameworks */ = {isa = PBXBuildFile; fileRef = D980C16BE75219D0989B9E78 /* Pods_WHIM_ARROWTests.framework */; };
		730CBFB750FD4D9C7CCBC454 /* Pods_WHIM_ARROW.framework in Frameworks */ = {isa = PBXBuildFile; fileRef = E55980DA3E4E8A7D19C4E72D /* Pods_WHIM_ARROW.framework */; };
		88D57CBAF496D8DDA2904F34 /* Pods_WHIM_ARROW_WHIM_ARROWUITests.framework in Frameworks */ = {isa = PBXBuildFile; fileRef = 6F515896BB9EBB7244CCB636 /* Pods_WHIM_ARROW_WHIM_ARROWUITests.framework */; };
		A1010430244D547400FC5884 /* AppDelegate.swift in Sources */ = {isa = PBXBuildFile; fileRef = A101042F244D547400FC5884 /* AppDelegate.swift */; };
		A1010432244D547400FC5884 /* SceneDelegate.swift in Sources */ = {isa = PBXBuildFile; fileRef = A1010431244D547400FC5884 /* SceneDelegate.swift */; };
		A1010434244D547400FC5884 /* ContentView.swift in Sources */ = {isa = PBXBuildFile; fileRef = A1010433244D547400FC5884 /* ContentView.swift */; };
		A1010436244D547C00FC5884 /* Assets.xcassets in Resources */ = {isa = PBXBuildFile; fileRef = A1010435244D547C00FC5884 /* Assets.xcassets */; };
		A1010439244D547C00FC5884 /* Preview Assets.xcassets in Resources */ = {isa = PBXBuildFile; fileRef = A1010438244D547C00FC5884 /* Preview Assets.xcassets */; };
		A101043C244D547C00FC5884 /* LaunchScreen.storyboard in Resources */ = {isa = PBXBuildFile; fileRef = A101043A244D547C00FC5884 /* LaunchScreen.storyboard */; };
		A1010447244D547D00FC5884 /* WHIM_ARROWTests.swift in Sources */ = {isa = PBXBuildFile; fileRef = A1010446244D547D00FC5884 /* WHIM_ARROWTests.swift */; };
		A1010452244D547D00FC5884 /* WHIM_ARROWUITests.swift in Sources */ = {isa = PBXBuildFile; fileRef = A1010451244D547D00FC5884 /* WHIM_ARROWUITests.swift */; };
		A138CF3F244D58FD0066D18F /* sozai01.json in Resources */ = {isa = PBXBuildFile; fileRef = A138CF3E244D58FD0066D18F /* sozai01.json */; };
		A138CF43244D59130066D18F /* sozai04.json in Resources */ = {isa = PBXBuildFile; fileRef = A138CF40244D59130066D18F /* sozai04.json */; };
		A138CF44244D59130066D18F /* shine.json in Resources */ = {isa = PBXBuildFile; fileRef = A138CF41244D59130066D18F /* shine.json */; };
		A138CF45244D59130066D18F /* sozai02.json in Resources */ = {isa = PBXBuildFile; fileRef = A138CF42244D59130066D18F /* sozai02.json */; };
		A138CF4B244D5FE90066D18F /* LottieactionView.swift in Sources */ = {isa = PBXBuildFile; fileRef = A138CF4A244D5FE90066D18F /* LottieactionView.swift */; };
		A138CF4D244D61CC0066D18F /* ShareData.swift in Sources */ = {isa = PBXBuildFile; fileRef = A138CF4C244D61CC0066D18F /* ShareData.swift */; };
		A138CF4F244D62360066D18F /* GameView.swift in Sources */ = {isa = PBXBuildFile; fileRef = A138CF4E244D62360066D18F /* GameView.swift */; };
		A138CF51244D62720066D18F /* ResultView.swift in Sources */ = {isa = PBXBuildFile; fileRef = A138CF50244D62720066D18F /* ResultView.swift */; };
		A17D9C2C244D9341004EA969 /* DatamanageView.swift in Sources */ = {isa = PBXBuildFile; fileRef = A17D9C2B244D9341004EA969 /* DatamanageView.swift */; };
/* End PBXBuildFile section */

/* Begin PBXContainerItemProxy section */
		A1010443244D547D00FC5884 /* PBXContainerItemProxy */ = {
			isa = PBXContainerItemProxy;
			containerPortal = A1010424244D547400FC5884 /* Project object */;
			proxyType = 1;
			remoteGlobalIDString = A101042B244D547400FC5884;
			remoteInfo = "WHIM ARROW";
		};
		A101044E244D547D00FC5884 /* PBXContainerItemProxy */ = {
			isa = PBXContainerItemProxy;
			containerPortal = A1010424244D547400FC5884 /* Project object */;
			proxyType = 1;
			remoteGlobalIDString = A101042B244D547400FC5884;
			remoteInfo = "WHIM ARROW";
		};
/* End PBXContainerItemProxy section */

/* Begin PBXFileReference section */
		1278B942DDAF6A3578407624 /* Pods-WHIM ARROWTests.debug.xcconfig */ = {isa = PBXFileReference; includeInIndex = 1; lastKnownFileType = text.xcconfig; name = "Pods-WHIM ARROWTests.debug.xcconfig"; path = "Target Support Files/Pods-WHIM ARROWTests/Pods-WHIM ARROWTests.debug.xcconfig"; sourceTree = "<group>"; };
		6F515896BB9EBB7244CCB636 /* Pods_WHIM_ARROW_WHIM_ARROWUITests.framework */ = {isa = PBXFileReference; explicitFileType = wrapper.framework; includeInIndex = 0; path = Pods_WHIM_ARROW_WHIM_ARROWUITests.framework; sourceTree = BUILT_PRODUCTS_DIR; };
		80E3717F7595EAD8DAE10C89 /* Pods-WHIM ARROWTests.release.xcconfig */ = {isa = PBXFileReference; includeInIndex = 1; lastKnownFileType = text.xcconfig; name = "Pods-WHIM ARROWTests.release.xcconfig"; path = "Target Support Files/Pods-WHIM ARROWTests/Pods-WHIM ARROWTests.release.xcconfig"; sourceTree = "<group>"; };
		8633E049FAA3C4FDD67E5527 /* Pods-WHIM ARROW-WHIM ARROWUITests.release.xcconfig */ = {isa = PBXFileReference; includeInIndex = 1; lastKnownFileType = text.xcconfig; name = "Pods-WHIM ARROW-WHIM ARROWUITests.release.xcconfig"; path = "Target Support Files/Pods-WHIM ARROW-WHIM ARROWUITests/Pods-WHIM ARROW-WHIM ARROWUITests.release.xcconfig"; sourceTree = "<group>"; };
		A101042C244D547400FC5884 /* WHIM ARROW.app */ = {isa = PBXFileReference; explicitFileType = wrapper.application; includeInIndex = 0; path = "WHIM ARROW.app"; sourceTree = BUILT_PRODUCTS_DIR; };
		A101042F244D547400FC5884 /* AppDelegate.swift */ = {isa = PBXFileReference; lastKnownFileType = sourcecode.swift; path = AppDelegate.swift; sourceTree = "<group>"; };
		A1010431244D547400FC5884 /* SceneDelegate.swift */ = {isa = PBXFileReference; lastKnownFileType = sourcecode.swift; path = SceneDelegate.swift; sourceTree = "<group>"; };
		A1010433244D547400FC5884 /* ContentView.swift */ = {isa = PBXFileReference; lastKnownFileType = sourcecode.swift; path = ContentView.swift; sourceTree = "<group>"; };
		A1010435244D547C00FC5884 /* Assets.xcassets */ = {isa = PBXFileReference; lastKnownFileType = folder.assetcatalog; path = Assets.xcassets; sourceTree = "<group>"; };
		A1010438244D547C00FC5884 /* Preview Assets.xcassets */ = {isa = PBXFileReference; lastKnownFileType = folder.assetcatalog; path = "Preview Assets.xcassets"; sourceTree = "<group>"; };
		A101043B244D547C00FC5884 /* Base */ = {isa = PBXFileReference; lastKnownFileType = file.storyboard; name = Base; path = Base.lproj/LaunchScreen.storyboard; sourceTree = "<group>"; };
		A101043D244D547C00FC5884 /* Info.plist */ = {isa = PBXFileReference; lastKnownFileType = text.plist.xml; path = Info.plist; sourceTree = "<group>"; };
		A1010442244D547D00FC5884 /* WHIM ARROWTests.xctest */ = {isa = PBXFileReference; explicitFileType = wrapper.cfbundle; includeInIndex = 0; path = "WHIM ARROWTests.xctest"; sourceTree = BUILT_PRODUCTS_DIR; };
		A1010446244D547D00FC5884 /* WHIM_ARROWTests.swift */ = {isa = PBXFileReference; lastKnownFileType = sourcecode.swift; path = WHIM_ARROWTests.swift; sourceTree = "<group>"; };
		A1010448244D547D00FC5884 /* Info.plist */ = {isa = PBXFileReference; lastKnownFileType = text.plist.xml; path = Info.plist; sourceTree = "<group>"; };
		A101044D244D547D00FC5884 /* WHIM ARROWUITests.xctest */ = {isa = PBXFileReference; explicitFileType = wrapper.cfbundle; includeInIndex = 0; path = "WHIM ARROWUITests.xctest"; sourceTree = BUILT_PRODUCTS_DIR; };
		A1010451244D547D00FC5884 /* WHIM_ARROWUITests.swift */ = {isa = PBXFileReference; lastKnownFileType = sourcecode.swift; path = WHIM_ARROWUITests.swift; sourceTree = "<group>"; };
		A1010453244D547D00FC5884 /* Info.plist */ = {isa = PBXFileReference; lastKnownFileType = text.plist.xml; path = Info.plist; sourceTree = "<group>"; };
		A138CF3E244D58FD0066D18F /* sozai01.json */ = {isa = PBXFileReference; fileEncoding = 4; lastKnownFileType = text.json; path = sozai01.json; sourceTree = "<group>"; };
		A138CF40244D59130066D18F /* sozai04.json */ = {isa = PBXFileReference; fileEncoding = 4; lastKnownFileType = text.json; path = sozai04.json; sourceTree = "<group>"; };
		A138CF41244D59130066D18F /* shine.json */ = {isa = PBXFileReference; fileEncoding = 4; lastKnownFileType = text.json; path = shine.json; sourceTree = "<group>"; };
		A138CF42244D59130066D18F /* sozai02.json */ = {isa = PBXFileReference; fileEncoding = 4; lastKnownFileType = text.json; path = sozai02.json; sourceTree = "<group>"; };
		A138CF4A244D5FE90066D18F /* LottieactionView.swift */ = {isa = PBXFileReference; lastKnownFileType = sourcecode.swift; path = LottieactionView.swift; sourceTree = "<group>"; };
		A138CF4C244D61CC0066D18F /* ShareData.swift */ = {isa = PBXFileReference; lastKnownFileType = sourcecode.swift; path = ShareData.swift; sourceTree = "<group>"; };
		A138CF4E244D62360066D18F /* GameView.swift */ = {isa = PBXFileReference; lastKnownFileType = sourcecode.swift; path = GameView.swift; sourceTree = "<group>"; };
		A138CF50244D62720066D18F /* ResultView.swift */ = {isa = PBXFileReference; lastKnownFileType = sourcecode.swift; path = ResultView.swift; sourceTree = "<group>"; };
		A17D9C2B244D9341004EA969 /* DatamanageView.swift */ = {isa = PBXFileReference; lastKnownFileType = sourcecode.swift; path = DatamanageView.swift; sourceTree = "<group>"; };
		A42AE58969A9EC7DB64511A6 /* Pods-WHIM ARROW-WHIM ARROWUITests.debug.xcconfig */ = {isa = PBXFileReference; includeInIndex = 1; lastKnownFileType = text.xcconfig; name = "Pods-WHIM ARROW-WHIM ARROWUITests.debug.xcconfig"; path = "Target Support Files/Pods-WHIM ARROW-WHIM ARROWUITests/Pods-WHIM ARROW-WHIM ARROWUITests.debug.xcconfig"; sourceTree = "<group>"; };
		B2977DAE4E919FC0DD996F47 /* Pods-WHIM ARROW.debug.xcconfig */ = {isa = PBXFileReference; includeInIndex = 1; lastKnownFileType = text.xcconfig; name = "Pods-WHIM ARROW.debug.xcconfig"; path = "Target Support Files/Pods-WHIM ARROW/Pods-WHIM ARROW.debug.xcconfig"; sourceTree = "<group>"; };
		B38C42F5CFCF530224CDBEE8 /* Pods-WHIM ARROW.release.xcconfig */ = {isa = PBXFileReference; includeInIndex = 1; lastKnownFileType = text.xcconfig; name = "Pods-WHIM ARROW.release.xcconfig"; path = "Target Support Files/Pods-WHIM ARROW/Pods-WHIM ARROW.release.xcconfig"; sourceTree = "<group>"; };
		D980C16BE75219D0989B9E78 /* Pods_WHIM_ARROWTests.framework */ = {isa = PBXFileReference; explicitFileType = wrapper.framework; includeInIndex = 0; path = Pods_WHIM_ARROWTests.framework; sourceTree = BUILT_PRODUCTS_DIR; };
		E55980DA3E4E8A7D19C4E72D /* Pods_WHIM_ARROW.framework */ = {isa = PBXFileReference; explicitFileType = wrapper.framework; includeInIndex = 0; path = Pods_WHIM_ARROW.framework; sourceTree = BUILT_PRODUCTS_DIR; };
/* End PBXFileReference section */

/* Begin PBXFrameworksBuildPhase section */
		A1010429244D547400FC5884 /* Frameworks */ = {
			isa = PBXFrameworksBuildPhase;
			buildActionMask = 2147483647;
			files = (
				730CBFB750FD4D9C7CCBC454 /* Pods_WHIM_ARROW.framework in Frameworks */,
			);
			runOnlyForDeploymentPostprocessing = 0;
		};
		A101043F244D547D00FC5884 /* Frameworks */ = {
			isa = PBXFrameworksBuildPhase;
			buildActionMask = 2147483647;
			files = (
				0BEB2AD81AB3BF195A77FC8E /* Pods_WHIM_ARROWTests.framework in Frameworks */,
			);
			runOnlyForDeploymentPostprocessing = 0;
		};
		A101044A244D547D00FC5884 /* Frameworks */ = {
			isa = PBXFrameworksBuildPhase;
			buildActionMask = 2147483647;
			files = (
				88D57CBAF496D8DDA2904F34 /* Pods_WHIM_ARROW_WHIM_ARROWUITests.framework in Frameworks */,
			);
			runOnlyForDeploymentPostprocessing = 0;
		};
/* End PBXFrameworksBuildPhase section */

/* Begin PBXGroup section */
		256C0DF63A5DF1A2613367D9 /* Pods */ = {
			isa = PBXGroup;
			children = (
				B2977DAE4E919FC0DD996F47 /* Pods-WHIM ARROW.debug.xcconfig */,
				B38C42F5CFCF530224CDBEE8 /* Pods-WHIM ARROW.release.xcconfig */,
				A42AE58969A9EC7DB64511A6 /* Pods-WHIM ARROW-WHIM ARROWUITests.debug.xcconfig */,
				8633E049FAA3C4FDD67E5527 /* Pods-WHIM ARROW-WHIM ARROWUITests.release.xcconfig */,
				1278B942DDAF6A3578407624 /* Pods-WHIM ARROWTests.debug.xcconfig */,
				80E3717F7595EAD8DAE10C89 /* Pods-WHIM ARROWTests.release.xcconfig */,
			);
			path = Pods;
			sourceTree = "<group>";
		};
		A1010423244D547400FC5884 = {
			isa = PBXGroup;
			children = (
				A101042E244D547400FC5884 /* WHIM ARROW */,
				A1010445244D547D00FC5884 /* WHIM ARROWTests */,
				A1010450244D547D00FC5884 /* WHIM ARROWUITests */,
				A101042D244D547400FC5884 /* Products */,
				256C0DF63A5DF1A2613367D9 /* Pods */,
				F3A598BB616CFE45A53D924D /* Frameworks */,
			);
			sourceTree = "<group>";
		};
		A101042D244D547400FC5884 /* Products */ = {
			isa = PBXGroup;
			children = (
				A101042C244D547400FC5884 /* WHIM ARROW.app */,
				A1010442244D547D00FC5884 /* WHIM ARROWTests.xctest */,
				A101044D244D547D00FC5884 /* WHIM ARROWUITests.xctest */,
			);
			name = Products;
			sourceTree = "<group>";
		};
		A101042E244D547400FC5884 /* WHIM ARROW */ = {
			isa = PBXGroup;
			children = (
				A101042F244D547400FC5884 /* AppDelegate.swift */,
				A1010431244D547400FC5884 /* SceneDelegate.swift */,
				A138CF4A244D5FE90066D18F /* LottieactionView.swift */,
				A17D9C2B244D9341004EA969 /* DatamanageView.swift */,
				A1010433244D547400FC5884 /* ContentView.swift */,
				A138CF4E244D62360066D18F /* GameView.swift */,
				A138CF50244D62720066D18F /* ResultView.swift */,
				A138CF4C244D61CC0066D18F /* ShareData.swift */,
				A138CF3E244D58FD0066D18F /* sozai01.json */,
				A138CF41244D59130066D18F /* shine.json */,
				A138CF42244D59130066D18F /* sozai02.json */,
				A138CF40244D59130066D18F /* sozai04.json */,
				A1010435244D547C00FC5884 /* Assets.xcassets */,
				A101043A244D547C00FC5884 /* LaunchScreen.storyboard */,
				A101043D244D547C00FC5884 /* Info.plist */,
				A1010437244D547C00FC5884 /* Preview Content */,
			);
			path = "WHIM ARROW";
			sourceTree = "<group>";
		};
		A1010437244D547C00FC5884 /* Preview Content */ = {
			isa = PBXGroup;
			children = (
				A1010438244D547C00FC5884 /* Preview Assets.xcassets */,
			);
			path = "Preview Content";
			sourceTree = "<group>";
		};
		A1010445244D547D00FC5884 /* WHIM ARROWTests */ = {
			isa = PBXGroup;
			children = (
				A1010446244D547D00FC5884 /* WHIM_ARROWTests.swift */,
				A1010448244D547D00FC5884 /* Info.plist */,
			);
			path = "WHIM ARROWTests";
			sourceTree = "<group>";
		};
		A1010450244D547D00FC5884 /* WHIM ARROWUITests */ = {
			isa = PBXGroup;
			children = (
				A1010451244D547D00FC5884 /* WHIM_ARROWUITests.swift */,
				A1010453244D547D00FC5884 /* Info.plist */,
			);
			path = "WHIM ARROWUITests";
			sourceTree = "<group>";
		};
		F3A598BB616CFE45A53D924D /* Frameworks */ = {
			isa = PBXGroup;
			children = (
				E55980DA3E4E8A7D19C4E72D /* Pods_WHIM_ARROW.framework */,
				6F515896BB9EBB7244CCB636 /* Pods_WHIM_ARROW_WHIM_ARROWUITests.framework */,
				D980C16BE75219D0989B9E78 /* Pods_WHIM_ARROWTests.framework */,
			);
			name = Frameworks;
			sourceTree = "<group>";
		};
/* End PBXGroup section */

/* Begin PBXNativeTarget section */
		A101042B244D547400FC5884 /* WHIM ARROW */ = {
			isa = PBXNativeTarget;
			buildConfigurationList = A1010456244D547D00FC5884 /* Build configuration list for PBXNativeTarget "WHIM ARROW" */;
			buildPhases = (
				6EAD282A88502C2B19528B0B /* [CP] Check Pods Manifest.lock */,
				A1010428244D547400FC5884 /* Sources */,
				A1010429244D547400FC5884 /* Frameworks */,
				A101042A244D547400FC5884 /* Resources */,
				64C11A9F80FDD0EFFFD9AAC2 /* [CP] Embed Pods Frameworks */,
			);
			buildRules = (
			);
			dependencies = (
			);
			name = "WHIM ARROW";
			productName = "WHIM ARROW";
			productReference = A101042C244D547400FC5884 /* WHIM ARROW.app */;
			productType = "com.apple.product-type.application";
		};
		A1010441244D547D00FC5884 /* WHIM ARROWTests */ = {
			isa = PBXNativeTarget;
			buildConfigurationList = A1010459244D547D00FC5884 /* Build configuration list for PBXNativeTarget "WHIM ARROWTests" */;
			buildPhases = (
				37949DCD97F686710E7242E7 /* [CP] Check Pods Manifest.lock */,
				A101043E244D547D00FC5884 /* Sources */,
				A101043F244D547D00FC5884 /* Frameworks */,
				A1010440244D547D00FC5884 /* Resources */,
			);
			buildRules = (
			);
			dependencies = (
				A1010444244D547D00FC5884 /* PBXTargetDependency */,
			);
			name = "WHIM ARROWTests";
			productName = "WHIM ARROWTests";
			productReference = A1010442244D547D00FC5884 /* WHIM ARROWTests.xctest */;
			productType = "com.apple.product-type.bundle.unit-test";
		};
		A101044C244D547D00FC5884 /* WHIM ARROWUITests */ = {
			isa = PBXNativeTarget;
			buildConfigurationList = A101045C244D547D00FC5884 /* Build configuration list for PBXNativeTarget "WHIM ARROWUITests" */;
			buildPhases = (
				EFD9F2E30518EACF5AA05AE8 /* [CP] Check Pods Manifest.lock */,
				A1010449244D547D00FC5884 /* Sources */,
				A101044A244D547D00FC5884 /* Frameworks */,
				A101044B244D547D00FC5884 /* Resources */,
				36B6B46126B818CAAA95FF59 /* [CP] Embed Pods Frameworks */,
			);
			buildRules = (
			);
			dependencies = (
				A101044F244D547D00FC5884 /* PBXTargetDependency */,
			);
			name = "WHIM ARROWUITests";
			productName = "WHIM ARROWUITests";
			productReference = A101044D244D547D00FC5884 /* WHIM ARROWUITests.xctest */;
			productType = "com.apple.product-type.bundle.ui-testing";
		};
/* End PBXNativeTarget section */

/* Begin PBXProject section */
		A1010424244D547400FC5884 /* Project object */ = {
			isa = PBXProject;
			attributes = {
				LastSwiftUpdateCheck = 1140;
				LastUpgradeCheck = 1140;
				ORGANIZATIONNAME = "sayuri horikoshi";
				TargetAttributes = {
					A101042B244D547400FC5884 = {
						CreatedOnToolsVersion = 11.4;
					};
					A1010441244D547D00FC5884 = {
						CreatedOnToolsVersion = 11.4;
						TestTargetID = A101042B244D547400FC5884;
					};
					A101044C244D547D00FC5884 = {
						CreatedOnToolsVersion = 11.4;
						TestTargetID = A101042B244D547400FC5884;
					};
				};
			};
			buildConfigurationList = A1010427244D547400FC5884 /* Build configuration list for PBXProject "WHIM ARROW" */;
			compatibilityVersion = "Xcode 9.3";
			developmentRegion = en;
			hasScannedForEncodings = 0;
			knownRegions = (
				en,
				Base,
			);
			mainGroup = A1010423244D547400FC5884;
			productRefGroup = A101042D244D547400FC5884 /* Products */;
			projectDirPath = "";
			projectRoot = "";
			targets = (
				A101042B244D547400FC5884 /* WHIM ARROW */,
				A1010441244D547D00FC5884 /* WHIM ARROWTests */,
				A101044C244D547D00FC5884 /* WHIM ARROWUITests */,
			);
		};
/* End PBXProject section */

/* Begin PBXResourcesBuildPhase section */
		A101042A244D547400FC5884 /* Resources */ = {
			isa = PBXResourcesBuildPhase;
			buildActionMask = 2147483647;
			files = (
				A101043C244D547C00FC5884 /* LaunchScreen.storyboard in Resources */,
				A138CF43244D59130066D18F /* sozai04.json in Resources */,
				A1010439244D547C00FC5884 /* Preview Assets.xcassets in Resources */,
				A1010436244D547C00FC5884 /* Assets.xcassets in Resources */,
				A138CF3F244D58FD0066D18F /* sozai01.json in Resources */,
				A138CF45244D59130066D18F /* sozai02.json in Resources */,
				A138CF44244D59130066D18F /* shine.json in Resources */,
			);
			runOnlyForDeploymentPostprocessing = 0;
		};
		A1010440244D547D00FC5884 /* Resources */ = {
			isa = PBXResourcesBuildPhase;
			buildActionMask = 2147483647;
			files = (
			);
			runOnlyForDeploymentPostprocessing = 0;
		};
		A101044B244D547D00FC5884 /* Resources */ = {
			isa = PBXResourcesBuildPhase;
			buildActionMask = 2147483647;
			files = (
			);
			runOnlyForDeploymentPostprocessing = 0;
		};
/* End PBXResourcesBuildPhase section */

/* Begin PBXShellScriptBuildPhase section */
		36B6B46126B818CAAA95FF59 /* [CP] Embed Pods Frameworks */ = {
			isa = PBXShellScriptBuildPhase;
			buildActionMask = 2147483647;
			files = (
			);
			inputFileListPaths = (
				"${PODS_ROOT}/Target Support Files/Pods-WHIM ARROW-WHIM ARROWUITests/Pods-WHIM ARROW-WHIM ARROWUITests-frameworks-${CONFIGURATION}-input-files.xcfilelist",
			);
			name = "[CP] Embed Pods Frameworks";
			outputFileListPaths = (
				"${PODS_ROOT}/Target Support Files/Pods-WHIM ARROW-WHIM ARROWUITests/Pods-WHIM ARROW-WHIM ARROWUITests-frameworks-${CONFIGURATION}-output-files.xcfilelist",
			);
			runOnlyForDeploymentPostprocessing = 0;
			shellPath = /bin/sh;
			shellScript = "\"${PODS_ROOT}/Target Support Files/Pods-WHIM ARROW-WHIM ARROWUITests/Pods-WHIM ARROW-WHIM ARROWUITests-frameworks.sh\"\n";
			showEnvVarsInLog = 0;
		};
		37949DCD97F686710E7242E7 /* [CP] Check Pods Manifest.lock */ = {
			isa = PBXShellScriptBuildPhase;
			buildActionMask = 2147483647;
			files = (
			);
			inputFileListPaths = (
			);
			inputPaths = (
				"${PODS_PODFILE_DIR_PATH}/Podfile.lock",
				"${PODS_ROOT}/Manifest.lock",
			);
			name = "[CP] Check Pods Manifest.lock";
			outputFileListPaths = (
			);
			outputPaths = (
				"$(DERIVED_FILE_DIR)/Pods-WHIM ARROWTests-checkManifestLockResult.txt",
			);
			runOnlyForDeploymentPostprocessing = 0;
			shellPath = /bin/sh;
			shellScript = "diff \"${PODS_PODFILE_DIR_PATH}/Podfile.lock\" \"${PODS_ROOT}/Manifest.lock\" > /dev/null\nif [ $? != 0 ] ; then\n    # print error to STDERR\n    echo \"error: The sandbox is not in sync with the Podfile.lock. Run 'pod install' or update your CocoaPods installation.\" >&2\n    exit 1\nfi\n# This output is used by Xcode 'outputs' to avoid re-running this script phase.\necho \"SUCCESS\" > \"${SCRIPT_OUTPUT_FILE_0}\"\n";
			showEnvVarsInLog = 0;
		};
		64C11A9F80FDD0EFFFD9AAC2 /* [CP] Embed Pods Frameworks */ = {
			isa = PBXShellScriptBuildPhase;
			buildActionMask = 2147483647;
			files = (
			);
			inputFileListPaths = (
				"${PODS_ROOT}/Target Support Files/Pods-WHIM ARROW/Pods-WHIM ARROW-frameworks-${CONFIGURATION}-input-files.xcfilelist",
			);
			name = "[CP] Embed Pods Frameworks";
			outputFileListPaths = (
				"${PODS_ROOT}/Target Support Files/Pods-WHIM ARROW/Pods-WHIM ARROW-frameworks-${CONFIGURATION}-output-files.xcfilelist",
			);
			runOnlyForDeploymentPostprocessing = 0;
			shellPath = /bin/sh;
			shellScript = "\"${PODS_ROOT}/Target Support Files/Pods-WHIM ARROW/Pods-WHIM ARROW-frameworks.sh\"\n";
			showEnvVarsInLog = 0;
		};
		6EAD282A88502C2B19528B0B /* [CP] Check Pods Manifest.lock */ = {
			isa = PBXShellScriptBuildPhase;
			buildActionMask = 2147483647;
			files = (
			);
			inputFileListPaths = (
			);
			inputPaths = (
				"${PODS_PODFILE_DIR_PATH}/Podfile.lock",
				"${PODS_ROOT}/Manifest.lock",
			);
			name = "[CP] Check Pods Manifest.lock";
			outputFileListPaths = (
			);
			outputPaths = (
				"$(DERIVED_FILE_DIR)/Pods-WHIM ARROW-checkManifestLockResult.txt",
			);
			runOnlyForDeploymentPostprocessing = 0;
			shellPath = /bin/sh;
			shellScript = "diff \"${PODS_PODFILE_DIR_PATH}/Podfile.lock\" \"${PODS_ROOT}/Manifest.lock\" > /dev/null\nif [ $? != 0 ] ; then\n    # print error to STDERR\n    echo \"error: The sandbox is not in sync with the Podfile.lock. Run 'pod install' or update your CocoaPods installation.\" >&2\n    exit 1\nfi\n# This output is used by Xcode 'outputs' to avoid re-running this script phase.\necho \"SUCCESS\" > \"${SCRIPT_OUTPUT_FILE_0}\"\n";
			showEnvVarsInLog = 0;
		};
		EFD9F2E30518EACF5AA05AE8 /* [CP] Check Pods Manifest.lock */ = {
			isa = PBXShellScriptBuildPhase;
			buildActionMask = 2147483647;
			files = (
			);
			inputFileListPaths = (
			);
			inputPaths = (
				"${PODS_PODFILE_DIR_PATH}/Podfile.lock",
				"${PODS_ROOT}/Manifest.lock",
			);
			name = "[CP] Check Pods Manifest.lock";
			outputFileListPaths = (
			);
			outputPaths = (
				"$(DERIVED_FILE_DIR)/Pods-WHIM ARROW-WHIM ARROWUITests-checkManifestLockResult.txt",
			);
			runOnlyForDeploymentPostprocessing = 0;
			shellPath = /bin/sh;
			shellScript = "diff \"${PODS_PODFILE_DIR_PATH}/Podfile.lock\" \"${PODS_ROOT}/Manifest.lock\" > /dev/null\nif [ $? != 0 ] ; then\n    # print error to STDERR\n    echo \"error: The sandbox is not in sync with the Podfile.lock. Run 'pod install' or update your CocoaPods installation.\" >&2\n    exit 1\nfi\n# This output is used by Xcode 'outputs' to avoid re-running this script phase.\necho \"SUCCESS\" > \"${SCRIPT_OUTPUT_FILE_0}\"\n";
			showEnvVarsInLog = 0;
		};
/* End PBXShellScriptBuildPhase section */

/* Begin PBXSourcesBuildPhase section */
		A1010428244D547400FC5884 /* Sources */ = {
			isa = PBXSourcesBuildPhase;
			buildActionMask = 2147483647;
			files = (
				A1010430244D547400FC5884 /* AppDelegate.swift in Sources */,
				A1010432244D547400FC5884 /* SceneDelegate.swift in Sources */,
				A1010434244D547400FC5884 /* ContentView.swift in Sources */,
				A138CF4D244D61CC0066D18F /* ShareData.swift in Sources */,
				A138CF4F244D62360066D18F /* GameView.swift in Sources */,
				A17D9C2C244D9341004EA969 /* DatamanageView.swift in Sources */,
				A138CF51244D62720066D18F /* ResultView.swift in Sources */,
				A138CF4B244D5FE90066D18F /* LottieactionView.swift in Sources */,
			);
			runOnlyForDeploymentPostprocessing = 0;
		};
		A101043E244D547D00FC5884 /* Sources */ = {
			isa = PBXSourcesBuildPhase;
			buildActionMask = 2147483647;
			files = (
				A1010447244D547D00FC5884 /* WHIM_ARROWTests.swift in Sources */,
			);
			runOnlyForDeploymentPostprocessing = 0;
		};
		A1010449244D547D00FC5884 /* Sources */ = {
			isa = PBXSourcesBuildPhase;
			buildActionMask = 2147483647;
			files = (
				A1010452244D547D00FC5884 /* WHIM_ARROWUITests.swift in Sources */,
			);
			runOnlyForDeploymentPostprocessing = 0;
		};
/* End PBXSourcesBuildPhase section */

/* Begin PBXTargetDependency section */
		A1010444244D547D00FC5884 /* PBXTargetDependency */ = {
			isa = PBXTargetDependency;
			target = A101042B244D547400FC5884 /* WHIM ARROW */;
			targetProxy = A1010443244D547D00FC5884 /* PBXContainerItemProxy */;
		};
		A101044F244D547D00FC5884 /* PBXTargetDependency */ = {
			isa = PBXTargetDependency;
			target = A101042B244D547400FC5884 /* WHIM ARROW */;
			targetProxy = A101044E244D547D00FC5884 /* PBXContainerItemProxy */;
		};
/* End PBXTargetDependency section */

/* Begin PBXVariantGroup section */
		A101043A244D547C00FC5884 /* LaunchScreen.storyboard */ = {
			isa = PBXVariantGroup;
			children = (
				A101043B244D547C00FC5884 /* Base */,
			);
			name = LaunchScreen.storyboard;
			sourceTree = "<group>";
		};
/* End PBXVariantGroup section */

/* Begin XCBuildConfiguration section */
		A1010454244D547D00FC5884 /* Debug */ = {
			isa = XCBuildConfiguration;
			buildSettings = {
				ALWAYS_SEARCH_USER_PATHS = NO;
				CLANG_ANALYZER_NONNULL = YES;
				CLANG_ANALYZER_NUMBER_OBJECT_CONVERSION = YES_AGGRESSIVE;
				CLANG_CXX_LANGUAGE_STANDARD = "gnu++14";
				CLANG_CXX_LIBRARY = "libc++";
				CLANG_ENABLE_MODULES = YES;
				CLANG_ENABLE_OBJC_ARC = YES;
				CLANG_ENABLE_OBJC_WEAK = YES;
				CLANG_WARN_BLOCK_CAPTURE_AUTORELEASING = YES;
				CLANG_WARN_BOOL_CONVERSION = YES;
				CLANG_WARN_COMMA = YES;
				CLANG_WARN_CONSTANT_CONVERSION = YES;
				CLANG_WARN_DEPRECATED_OBJC_IMPLEMENTATIONS = YES;
				CLANG_WARN_DIRECT_OBJC_ISA_USAGE = YES_ERROR;
				CLANG_WARN_DOCUMENTATION_COMMENTS = YES;
				CLANG_WARN_EMPTY_BODY = YES;
				CLANG_WARN_ENUM_CONVERSION = YES;
				CLANG_WARN_INFINITE_RECURSION = YES;
				CLANG_WARN_INT_CONVERSION = YES;
				CLANG_WARN_NON_LITERAL_NULL_CONVERSION = YES;
				CLANG_WARN_OBJC_IMPLICIT_RETAIN_SELF = YES;
				CLANG_WARN_OBJC_LITERAL_CONVERSION = YES;
				CLANG_WARN_OBJC_ROOT_CLASS = YES_ERROR;
				CLANG_WARN_RANGE_LOOP_ANALYSIS = YES;
				CLANG_WARN_STRICT_PROTOTYPES = YES;
				CLANG_WARN_SUSPICIOUS_MOVE = YES;
				CLANG_WARN_UNGUARDED_AVAILABILITY = YES_AGGRESSIVE;
				CLANG_WARN_UNREACHABLE_CODE = YES;
				CLANG_WARN__DUPLICATE_METHOD_MATCH = YES;
				COPY_PHASE_STRIP = NO;
				DEBUG_INFORMATION_FORMAT = dwarf;
				ENABLE_STRICT_OBJC_MSGSEND = YES;
				ENABLE_TESTABILITY = YES;
				GCC_C_LANGUAGE_STANDARD = gnu11;
				GCC_DYNAMIC_NO_PIC = NO;
				GCC_NO_COMMON_BLOCKS = YES;
				GCC_OPTIMIZATION_LEVEL = 0;
				GCC_PREPROCESSOR_DEFINITIONS = (
					"DEBUG=1",
					"$(inherited)",
				);
				GCC_WARN_64_TO_32_BIT_CONVERSION = YES;
				GCC_WARN_ABOUT_RETURN_TYPE = YES_ERROR;
				GCC_WARN_UNDECLARED_SELECTOR = YES;
				GCC_WARN_UNINITIALIZED_AUTOS = YES_AGGRESSIVE;
				GCC_WARN_UNUSED_FUNCTION = YES;
				GCC_WARN_UNUSED_VARIABLE = YES;
				IPHONEOS_DEPLOYMENT_TARGET = 13.4;
				MTL_ENABLE_DEBUG_INFO = INCLUDE_SOURCE;
				MTL_FAST_MATH = YES;
				ONLY_ACTIVE_ARCH = YES;
				SDKROOT = iphoneos;
				SWIFT_ACTIVE_COMPILATION_CONDITIONS = DEBUG;
				SWIFT_OPTIMIZATION_LEVEL = "-Onone";
			};
			name = Debug;
		};
		A1010455244D547D00FC5884 /* Release */ = {
			isa = XCBuildConfiguration;
			buildSettings = {
				ALWAYS_SEARCH_USER_PATHS = NO;
				CLANG_ANALYZER_NONNULL = YES;
				CLANG_ANALYZER_NUMBER_OBJECT_CONVERSION = YES_AGGRESSIVE;
				CLANG_CXX_LANGUAGE_STANDARD = "gnu++14";
				CLANG_CXX_LIBRARY = "libc++";
				CLANG_ENABLE_MODULES = YES;
				CLANG_ENABLE_OBJC_ARC = YES;
				CLANG_ENABLE_OBJC_WEAK = YES;
				CLANG_WARN_BLOCK_CAPTURE_AUTORELEASING = YES;
				CLANG_WARN_BOOL_CONVERSION = YES;
				CLANG_WARN_COMMA = YES;
				CLANG_WARN_CONSTANT_CONVERSION = YES;
				CLANG_WARN_DEPRECATED_OBJC_IMPLEMENTATIONS = YES;
				CLANG_WARN_DIRECT_OBJC_ISA_USAGE = YES_ERROR;
				CLANG_WARN_DOCUMENTATION_COMMENTS = YES;
				CLANG_WARN_EMPTY_BODY = YES;
				CLANG_WARN_ENUM_CONVERSION = YES;
				CLANG_WARN_INFINITE_RECURSION = YES;
				CLANG_WARN_INT_CONVERSION = YES;
				CLANG_WARN_NON_LITERAL_NULL_CONVERSION = YES;
				CLANG_WARN_OBJC_IMPLICIT_RETAIN_SELF = YES;
				CLANG_WARN_OBJC_LITERAL_CONVERSION = YES;
				CLANG_WARN_OBJC_ROOT_CLASS = YES_ERROR;
				CLANG_WARN_RANGE_LOOP_ANALYSIS = YES;
				CLANG_WARN_STRICT_PROTOTYPES = YES;
				CLANG_WARN_SUSPICIOUS_MOVE = YES;
				CLANG_WARN_UNGUARDED_AVAILABILITY = YES_AGGRESSIVE;
				CLANG_WARN_UNREACHABLE_CODE = YES;
				CLANG_WARN__DUPLICATE_METHOD_MATCH = YES;
				COPY_PHASE_STRIP = NO;
				DEBUG_INFORMATION_FORMAT = "dwarf-with-dsym";
				ENABLE_NS_ASSERTIONS = NO;
				ENABLE_STRICT_OBJC_MSGSEND = YES;
				GCC_C_LANGUAGE_STANDARD = gnu11;
				GCC_NO_COMMON_BLOCKS = YES;
				GCC_WARN_64_TO_32_BIT_CONVERSION = YES;
				GCC_WARN_ABOUT_RETURN_TYPE = YES_ERROR;
				GCC_WARN_UNDECLARED_SELECTOR = YES;
				GCC_WARN_UNINITIALIZED_AUTOS = YES_AGGRESSIVE;
				GCC_WARN_UNUSED_FUNCTION = YES;
				GCC_WARN_UNUSED_VARIABLE = YES;
				IPHONEOS_DEPLOYMENT_TARGET = 13.4;
				MTL_ENABLE_DEBUG_INFO = NO;
				MTL_FAST_MATH = YES;
				SDKROOT = iphoneos;
				SWIFT_COMPILATION_MODE = wholemodule;
				SWIFT_OPTIMIZATION_LEVEL = "-O";
				VALIDATE_PRODUCT = YES;
			};
			name = Release;
		};
		A1010457244D547D00FC5884 /* Debug */ = {
			isa = XCBuildConfiguration;
			baseConfigurationReference = B2977DAE4E919FC0DD996F47 /* Pods-WHIM ARROW.debug.xcconfig */;
			buildSettings = {
				ASSETCATALOG_COMPILER_APPICON_NAME = AppIcon;
				CODE_SIGN_STYLE = Automatic;
				DEVELOPMENT_ASSET_PATHS = "\"WHIM ARROW/Preview Content\"";
				DEVELOPMENT_TEAM = 459R64C48N;
				ENABLE_PREVIEWS = YES;
				INFOPLIST_FILE = "WHIM ARROW/Info.plist";
				LD_RUNPATH_SEARCH_PATHS = (
					"$(inherited)",
					"@executable_path/Frameworks",
				);
				PRODUCT_BUNDLE_IDENTIFIER = "com.hs.WHIM-ARROW";
				PRODUCT_NAME = "$(TARGET_NAME)";
				SWIFT_VERSION = 5.0;
				TARGETED_DEVICE_FAMILY = "1,2";
			};
			name = Debug;
		};
		A1010458244D547D00FC5884 /* Release */ = {
			isa = XCBuildConfiguration;
			baseConfigurationReference = B38C42F5CFCF530224CDBEE8 /* Pods-WHIM ARROW.release.xcconfig */;
			buildSettings = {
				ASSETCATALOG_COMPILER_APPICON_NAME = AppIcon;
				CODE_SIGN_STYLE = Automatic;
				DEVELOPMENT_ASSET_PATHS = "\"WHIM ARROW/Preview Content\"";
				DEVELOPMENT_TEAM = 459R64C48N;
				ENABLE_PREVIEWS = YES;
				INFOPLIST_FILE = "WHIM ARROW/Info.plist";
				LD_RUNPATH_SEARCH_PATHS = (
					"$(inherited)",
					"@executable_path/Frameworks",
				);
				PRODUCT_BUNDLE_IDENTIFIER = "com.hs.WHIM-ARROW";
				PRODUCT_NAME = "$(TARGET_NAME)";
				SWIFT_VERSION = 5.0;
				TARGETED_DEVICE_FAMILY = "1,2";
			};
			name = Release;
		};
		A101045A244D547D00FC5884 /* Debug */ = {
			isa = XCBuildConfiguration;
			baseConfigurationReference = 1278B942DDAF6A3578407624 /* Pods-WHIM ARROWTests.debug.xcconfig */;
			buildSettings = {
				ALWAYS_EMBED_SWIFT_STANDARD_LIBRARIES = YES;
				BUNDLE_LOADER = "$(TEST_HOST)";
				CODE_SIGN_STYLE = Automatic;
				DEVELOPMENT_TEAM = 459R64C48N;
				INFOPLIST_FILE = "WHIM ARROWTests/Info.plist";
				IPHONEOS_DEPLOYMENT_TARGET = 13.4;
				LD_RUNPATH_SEARCH_PATHS = (
					"$(inherited)",
					"@executable_path/Frameworks",
					"@loader_path/Frameworks",
				);
				PRODUCT_BUNDLE_IDENTIFIER = "com.hs.WHIM-ARROWTests";
				PRODUCT_NAME = "$(TARGET_NAME)";
				SWIFT_VERSION = 5.0;
				TARGETED_DEVICE_FAMILY = "1,2";
				TEST_HOST = "$(BUILT_PRODUCTS_DIR)/WHIM ARROW.app/WHIM ARROW";
			};
			name = Debug;
		};
		A101045B244D547D00FC5884 /* Release */ = {
			isa = XCBuildConfiguration;
			baseConfigurationReference = 80E3717F7595EAD8DAE10C89 /* Pods-WHIM ARROWTests.release.xcconfig */;
			buildSettings = {
				ALWAYS_EMBED_SWIFT_STANDARD_LIBRARIES = YES;
				BUNDLE_LOADER = "$(TEST_HOST)";
				CODE_SIGN_STYLE = Automatic;
				DEVELOPMENT_TEAM = 459R64C48N;
				INFOPLIST_FILE = "WHIM ARROWTests/Info.plist";
				IPHONEOS_DEPLOYMENT_TARGET = 13.4;
				LD_RUNPATH_SEARCH_PATHS = (
					"$(inherited)",
					"@executable_path/Frameworks",
					"@loader_path/Frameworks",
				);
				PRODUCT_BUNDLE_IDENTIFIER = "com.hs.WHIM-ARROWTests";
				PRODUCT_NAME = "$(TARGET_NAME)";
				SWIFT_VERSION = 5.0;
				TARGETED_DEVICE_FAMILY = "1,2";
				TEST_HOST = "$(BUILT_PRODUCTS_DIR)/WHIM ARROW.app/WHIM ARROW";
			};
			name = Release;
		};
		A101045D244D547D00FC5884 /* Debug */ = {
			isa = XCBuildConfiguration;
			baseConfigurationReference = A42AE58969A9EC7DB64511A6 /* Pods-WHIM ARROW-WHIM ARROWUITests.debug.xcconfig */;
			buildSettings = {
				ALWAYS_EMBED_SWIFT_STANDARD_LIBRARIES = YES;
				CODE_SIGN_STYLE = Automatic;
				DEVELOPMENT_TEAM = 459R64C48N;
				INFOPLIST_FILE = "WHIM ARROWUITests/Info.plist";
				LD_RUNPATH_SEARCH_PATHS = (
					"$(inherited)",
					"@executable_path/Frameworks",
					"@loader_path/Frameworks",
				);
				PRODUCT_BUNDLE_IDENTIFIER = "com.hs.WHIM-ARROWUITests";
				PRODUCT_NAME = "$(TARGET_NAME)";
				SWIFT_VERSION = 5.0;
				TARGETED_DEVICE_FAMILY = "1,2";
				TEST_TARGET_NAME = "WHIM ARROW";
			};
			name = Debug;
		};
		A101045E244D547D00FC5884 /* Release */ = {
			isa = XCBuildConfiguration;
			baseConfigurationReference = 8633E049FAA3C4FDD67E5527 /* Pods-WHIM ARROW-WHIM ARROWUITests.release.xcconfig */;
			buildSettings = {
				ALWAYS_EMBED_SWIFT_STANDARD_LIBRARIES = YES;
				CODE_SIGN_STYLE = Automatic;
				DEVELOPMENT_TEAM = 459R64C48N;
				INFOPLIST_FILE = "WHIM ARROWUITests/Info.plist";
				LD_RUNPATH_SEARCH_PATHS = (
					"$(inherited)",
					"@executable_path/Frameworks",
					"@loader_path/Frameworks",
				);
				PRODUCT_BUNDLE_IDENTIFIER = "com.hs.WHIM-ARROWUITests";
				PRODUCT_NAME = "$(TARGET_NAME)";
				SWIFT_VERSION = 5.0;
				TARGETED_DEVICE_FAMILY = "1,2";
				TEST_TARGET_NAME = "WHIM ARROW";
			};
			name = Release;
		};
/* End XCBuildConfiguration section */

/* Begin XCConfigurationList section */
		A1010427244D547400FC5884 /* Build configuration list for PBXProject "WHIM ARROW" */ = {
			isa = XCConfigurationList;
			buildConfigurations = (
				A1010454244D547D00FC5884 /* Debug */,
				A1010455244D547D00FC5884 /* Release */,
			);
			defaultConfigurationIsVisible = 0;
			defaultConfigurationName = Release;
		};
		A1010456244D547D00FC5884 /* Build configuration list for PBXNativeTarget "WHIM ARROW" */ = {
			isa = XCConfigurationList;
			buildConfigurations = (
				A1010457244D547D00FC5884 /* Debug */,
				A1010458244D547D00FC5884 /* Release */,
			);
			defaultConfigurationIsVisible = 0;
			defaultConfigurationName = Release;
		};
		A1010459244D547D00FC5884 /* Build configuration list for PBXNativeTarget "WHIM ARROWTests" */ = {
			isa = XCConfigurationList;
			buildConfigurations = (
				A101045A244D547D00FC5884 /* Debug */,
				A101045B244D547D00FC5884 /* Release */,
			);
			defaultConfigurationIsVisible = 0;
			defaultConfigurationName = Release;
		};
		A101045C244D547D00FC5884 /* Build configuration list for PBXNativeTarget "WHIM ARROWUITests" */ = {
			isa = XCConfigurationList;
			buildConfigurations = (
				A101045D244D547D00FC5884 /* Debug */,
				A101045E244D547D00FC5884 /* Release */,
			);
			defaultConfigurationIsVisible = 0;
			defaultConfigurationName = Release;
		};
/* End XCConfigurationList section */
	};
	rootObject = A1010424244D547400FC5884 /* Project object */;
}
